// !$*UTF8*$!
{
	archiveVersion = 1;
	classes = {
	};
	objectVersion = 46;
	objects = {

/* Begin PBXBuildFile section */
		8567EAE31B8C879700DA5934 /* main.m in Sources */ = {isa = PBXBuildFile; fileRef = 8567EAE21B8C879700DA5934 /* main.m */; };
		8567EAE61B8C879700DA5934 /* AppDelegate.m in Sources */ = {isa = PBXBuildFile; fileRef = 8567EAE51B8C879700DA5934 /* AppDelegate.m */; };
		8567EAE91B8C879700DA5934 /* ______.xcdatamodeld in Sources */ = {isa = PBXBuildFile; fileRef = 8567EAE71B8C879700DA5934 /* ______.xcdatamodeld */; };
		8567EAEC1B8C879700DA5934 /* ViewController.m in Sources */ = {isa = PBXBuildFile; fileRef = 8567EAEB1B8C879700DA5934 /* ViewController.m */; };
		8567EAEF1B8C879700DA5934 /* Main.storyboard in Resources */ = {isa = PBXBuildFile; fileRef = 8567EAED1B8C879700DA5934 /* Main.storyboard */; };
		8567EAF11B8C879700DA5934 /* Images.xcassets in Resources */ = {isa = PBXBuildFile; fileRef = 8567EAF01B8C879700DA5934 /* Images.xcassets */; };
		8567EAF41B8C879700DA5934 /* LaunchScreen.xib in Resources */ = {isa = PBXBuildFile; fileRef = 8567EAF21B8C879700DA5934 /* LaunchScreen.xib */; };
		8567EB001B8C879800DA5934 /* ______Tests.m in Sources */ = {isa = PBXBuildFile; fileRef = 8567EAFF1B8C879800DA5934 /* ______Tests.m */; };
/* End PBXBuildFile section */

/* Begin PBXContainerItemProxy section */
		8567EAFA1B8C879800DA5934 /* PBXContainerItemProxy */ = {
			isa = PBXContainerItemProxy;
			containerPortal = 8567EAD51B8C879700DA5934 /* Project object */;
			proxyType = 1;
			remoteGlobalIDString = 8567EADC1B8C879700DA5934;
			remoteInfo = "的速度是多少";
		};
/* End PBXContainerItemProxy section */

/* Begin PBXFileReference section */
		8567EADD1B8C879700DA5934 /* 的速度是多少.app */ = {isa = PBXFileReference; explicitFileType = wrapper.application; includeInIndex = 0; path = "的速度是多少.app"; sourceTree = BUILT_PRODUCTS_DIR; };
		8567EAE11B8C879700DA5934 /* Info.plist */ = {isa = PBXFileReference; lastKnownFileType = text.plist.xml; path = Info.plist; sourceTree = "<group>"; };
		8567EAE21B8C879700DA5934 /* main.m */ = {isa = PBXFileReference; lastKnownFileType = sourcecode.c.objc; path = main.m; sourceTree = "<group>"; };
		8567EAE41B8C879700DA5934 /* AppDelegate.h */ = {isa = PBXFileReference; lastKnownFileType = sourcecode.c.h; path = AppDelegate.h; sourceTree = "<group>"; };
		8567EAE51B8C879700DA5934 /* AppDelegate.m */ = {isa = PBXFileReference; lastKnownFileType = sourcecode.c.objc; path = AppDelegate.m; sourceTree = "<group>"; };
		8567EAE81B8C879700DA5934 /* ______.xcdatamodel */ = {isa = PBXFileReference; lastKnownFileType = wrapper.xcdatamodel; path = "______.xcdatamodel"; sourceTree = "<group>"; };
		8567EAEA1B8C879700DA5934 /* ViewController.h */ = {isa = PBXFileReference; lastKnownFileType = sourcecode.c.h; path = ViewController.h; sourceTree = "<group>"; };
		8567EAEB1B8C879700DA5934 /* ViewController.m */ = {isa = PBXFileReference; lastKnownFileType = sourcecode.c.objc; path = ViewController.m; sourceTree = "<group>"; };
		8567EAEE1B8C879700DA5934 /* Base */ = {isa = PBXFileReference; lastKnownFileType = file.storyboard; name = Base; path = Base.lproj/Main.storyboard; sourceTree = "<group>"; };
		8567EAF01B8C879700DA5934 /* Images.xcassets */ = {isa = PBXFileReference; lastKnownFileType = folder.assetcatalog; path = Images.xcassets; sourceTree = "<group>"; };
		8567EAF31B8C879700DA5934 /* Base */ = {isa = PBXFileReference; lastKnownFileType = file.xib; name = Base; path = Base.lproj/LaunchScreen.xib; sourceTree = "<group>"; };
		8567EAF91B8C879800DA5934 /* 的速度是多少Tests.xctest */ = {isa = PBXFileReference; explicitFileType = wrapper.cfbundle; includeInIndex = 0; path = "的速度是多少Tests.xctest"; sourceTree = BUILT_PRODUCTS_DIR; };
		8567EAFE1B8C879800DA5934 /* Info.plist */ = {isa = PBXFileReference; lastKnownFileType = text.plist.xml; path = Info.plist; sourceTree = "<group>"; };
		8567EAFF1B8C879800DA5934 /* ______Tests.m */ = {isa = PBXFileReference; lastKnownFileType = sourcecode.c.objc; path = "______Tests.m"; sourceTree = "<group>"; };
/* End PBXFileReference section */

/* Begin PBXFrameworksBuildPhase section */
		8567EADA1B8C879700DA5934 /* Frameworks */ = {
			isa = PBXFrameworksBuildPhase;
			buildActionMask = 2147483647;
			files = (
			);
			runOnlyForDeploymentPostprocessing = 0;
		};
		8567EAF61B8C879800DA5934 /* Frameworks */ = {
			isa = PBXFrameworksBuildPhase;
			buildActionMask = 2147483647;
			files = (
			);
			runOnlyForDeploymentPostprocessing = 0;
		};
/* End PBXFrameworksBuildPhase section */

/* Begin PBXGroup section */
		8567EAD41B8C879700DA5934 = {
			isa = PBXGroup;
			children = (
				8567EADF1B8C879700DA5934 /* 的速度是多少 */,
				8567EAFC1B8C879800DA5934 /* 的速度是多少Tests */,
				8567EADE1B8C879700DA5934 /* Products */,
			);
			sourceTree = "<group>";
		};
		8567EADE1B8C879700DA5934 /* Products */ = {
			isa = PBXGroup;
			children = (
				8567EADD1B8C879700DA5934 /* 的速度是多少.app */,
				8567EAF91B8C879800DA5934 /* 的速度是多少Tests.xctest */,
			);
			name = Products;
			sourceTree = "<group>";
		};
		8567EADF1B8C879700DA5934 /* 的速度是多少 */ = {
			isa = PBXGroup;
			children = (
				8567EAE41B8C879700DA5934 /* AppDelegate.h */,
				8567EAE51B8C879700DA5934 /* AppDelegate.m */,
				8567EAEA1B8C879700DA5934 /* ViewController.h */,
				8567EAEB1B8C879700DA5934 /* ViewController.m */,
				8567EAED1B8C879700DA5934 /* Main.storyboard */,
				8567EAF01B8C879700DA5934 /* Images.xcassets */,
				8567EAF21B8C879700DA5934 /* LaunchScreen.xib */,
				8567EAE71B8C879700DA5934 /* ______.xcdatamodeld */,
				8567EAE01B8C879700DA5934 /* Supporting Files */,
			);
			path = "的速度是多少";
			sourceTree = "<group>";
		};
		8567EAE01B8C879700DA5934 /* Supporting Files */ = {
			isa = PBXGroup;
			children = (
				8567EAE11B8C879700DA5934 /* Info.plist */,
				8567EAE21B8C879700DA5934 /* main.m */,
			);
			name = "Supporting Files";
			sourceTree = "<group>";
		};
		8567EAFC1B8C879800DA5934 /* 的速度是多少Tests */ = {
			isa = PBXGroup;
			children = (
				8567EAFF1B8C879800DA5934 /* ______Tests.m */,
				8567EAFD1B8C879800DA5934 /* Supporting Files */,
			);
			path = "的速度是多少Tests";
			sourceTree = "<group>";
		};
		8567EAFD1B8C879800DA5934 /* Supporting Files */ = {
			isa = PBXGroup;
			children = (
				8567EAFE1B8C879800DA5934 /* Info.plist */,
			);
			name = "Supporting Files";
			sourceTree = "<group>";
		};
/* End PBXGroup section */

/* Begin PBXNativeTarget section */
		8567EADC1B8C879700DA5934 /* 的速度是多少 */ = {
			isa = PBXNativeTarget;
			buildConfigurationList = 8567EB031B8C879800DA5934 /* Build configuration list for PBXNativeTarget "的速度是多少" */;
			buildPhases = (
				8567EAD91B8C879700DA5934 /* Sources */,
				8567EADA1B8C879700DA5934 /* Frameworks */,
				8567EADB1B8C879700DA5934 /* Resources */,
			);
			buildRules = (
			);
			dependencies = (
			);
			name = "的速度是多少";
			productName = "的速度是多少";
			productReference = 8567EADD1B8C879700DA5934 /* 的速度是多少.app */;
			productType = "com.apple.product-type.application";
		};
		8567EAF81B8C879800DA5934 /* 的速度是多少Tests */ = {
			isa = PBXNativeTarget;
			buildConfigurationList = 8567EB061B8C879800DA5934 /* Build configuration list for PBXNativeTarget "的速度是多少Tests" */;
			buildPhases = (
				8567EAF51B8C879800DA5934 /* Sources */,
				8567EAF61B8C879800DA5934 /* Frameworks */,
				8567EAF71B8C879800DA5934 /* Resources */,
			);
			buildRules = (
			);
			dependencies = (
				8567EAFB1B8C879800DA5934 /* PBXTargetDependency */,
			);
			name = "的速度是多少Tests";
			productName = "的速度是多少Tests";
			productReference = 8567EAF91B8C879800DA5934 /* 的速度是多少Tests.xctest */;
			productType = "com.apple.product-type.bundle.unit-test";
		};
/* End PBXNativeTarget section */

/* Begin PBXProject section */
		8567EAD51B8C879700DA5934 /* Project object */ = {
			isa = PBXProject;
			attributes = {
				LastUpgradeCheck = 0610;
				ORGANIZATIONNAME = tarena;
				TargetAttributes = {
					8567EADC1B8C879700DA5934 = {
						CreatedOnToolsVersion = 6.1;
					};
					8567EAF81B8C879800DA5934 = {
						CreatedOnToolsVersion = 6.1;
						TestTargetID = 8567EADC1B8C879700DA5934;
					};
				};
			};
			buildConfigurationList = 8567EAD81B8C879700DA5934 /* Build configuration list for PBXProject "的速度是多少" */;
			compatibilityVersion = "Xcode 3.2";
			developmentRegion = English;
			hasScannedForEncodings = 0;
			knownRegions = (
				en,
				Base,
			);
			mainGroup = 8567EAD41B8C879700DA5934;
			productRefGroup = 8567EADE1B8C879700DA5934 /* Products */;
			projectDirPath = "";
			projectRoot = "";
			targets = (
				8567EADC1B8C879700DA5934 /* 的速度是多少 */,
				8567EAF81B8C879800DA5934 /* 的速度是多少Tests */,
			);
		};
/* End PBXProject section */

/* Begin PBXResourcesBuildPhase section */
		8567EADB1B8C879700DA5934 /* Resources */ = {
			isa = PBXResourcesBuildPhase;
			buildActionMask = 2147483647;
			files = (
				8567EAEF1B8C879700DA5934 /* Main.storyboard in Resources */,
				8567EAF41B8C879700DA5934 /* LaunchScreen.xib in Resources */,
				8567EAF11B8C879700DA5934 /* Images.xcassets in Resources */,
			);
			runOnlyForDeploymentPostprocessing = 0;
		};
		8567EAF71B8C879800DA5934 /* Resources */ = {
			isa = PBXResourcesBuildPhase;
			buildActionMask = 2147483647;
			files = (
			);
			runOnlyForDeploymentPostprocessing = 0;
		};
/* End PBXResourcesBuildPhase section */

/* Begin PBXSourcesBuildPhase section */
		8567EAD91B8C879700DA5934 /* Sources */ = {
			isa = PBXSourcesBuildPhase;
			buildActionMask = 2147483647;
			files = (
				8567EAE91B8C879700DA5934 /* ______.xcdatamodeld in Sources */,
				8567EAE61B8C879700DA5934 /* AppDelegate.m in Sources */,
				8567EAEC1B8C879700DA5934 /* ViewController.m in Sources */,
				8567EAE31B8C879700DA5934 /* main.m in Sources */,
			);
			runOnlyForDeploymentPostprocessing = 0;
		};
		8567EAF51B8C879800DA5934 /* Sources */ = {
			isa = PBXSourcesBuildPhase;
			buildActionMask = 2147483647;
			files = (
				8567EB001B8C879800DA5934 /* ______Tests.m in Sources */,
			);
			runOnlyForDeploymentPostprocessing = 0;
		};
/* End PBXSourcesBuildPhase section */

/* Begin PBXTargetDependency section */
		8567EAFB1B8C879800DA5934 /* PBXTargetDependency */ = {
			isa = PBXTargetDependency;
			target = 8567EADC1B8C879700DA5934 /* 的速度是多少 */;
			targetProxy = 8567EAFA1B8C879800DA5934 /* PBXContainerItemProxy */;
		};
/* End PBXTargetDependency section */

/* Begin PBXVariantGroup section */
		8567EAED1B8C879700DA5934 /* Main.storyboard */ = {
			isa = PBXVariantGroup;
			children = (
				8567EAEE1B8C879700DA5934 /* Base */,
			);
			name = Main.storyboard;
			sourceTree = "<group>";
		};
		8567EAF21B8C879700DA5934 /* LaunchScreen.xib */ = {
			isa = PBXVariantGroup;
			children = (
				8567EAF31B8C879700DA5934 /* Base */,
			);
			name = LaunchScreen.xib;
			sourceTree = "<group>";
		};
/* End PBXVariantGroup section */

/* Begin XCBuildConfiguration section */
		8567EB011B8C879800DA5934 /* Debug */ = {
			isa = XCBuildConfiguration;
			buildSettings = {
				ALWAYS_SEARCH_USER_PATHS = NO;
				CLANG_CXX_LANGUAGE_STANDARD = "gnu++0x";
				CLANG_CXX_LIBRARY = "libc++";
				CLANG_ENABLE_MODULES = YES;
				CLANG_ENABLE_OBJC_ARC = YES;
				CLANG_WARN_BOOL_CONVERSION = YES;
				CLANG_WARN_CONSTANT_CONVERSION = YES;
				CLANG_WARN_DIRECT_OBJC_ISA_USAGE = YES_ERROR;
				CLANG_WARN_EMPTY_BODY = YES;
				CLANG_WARN_ENUM_CONVERSION = YES;
				CLANG_WARN_INT_CONVERSION = YES;
				CLANG_WARN_OBJC_ROOT_CLASS = YES_ERROR;
				CLANG_WARN_UNREACHABLE_CODE = YES;
				CLANG_WARN__DUPLICATE_METHOD_MATCH = YES;
				"CODE_SIGN_IDENTITY[sdk=iphoneos*]" = "iPhone Developer";
				COPY_PHASE_STRIP = NO;
				ENABLE_STRICT_OBJC_MSGSEND = YES;
				GCC_C_LANGUAGE_STANDARD = gnu99;
				GCC_DYNAMIC_NO_PIC = NO;
				GCC_OPTIMIZATION_LEVEL = 0;
				GCC_PREPROCESSOR_DEFINITIONS = (
					"DEBUG=1",
					"$(inherited)",
				);
				GCC_SYMBOLS_PRIVATE_EXTERN = NO;
				GCC_WARN_64_TO_32_BIT_CONVERSION = YES;
				GCC_WARN_ABOUT_RETURN_TYPE = YES_ERROR;
				GCC_WARN_UNDECLARED_SELECTOR = YES;
				GCC_WARN_UNINITIALIZED_AUTOS = YES_AGGRESSIVE;
				GCC_WARN_UNUSED_FUNCTION = YES;
				GCC_WARN_UNUSED_VARIABLE = YES;
				IPHONEOS_DEPLOYMENT_TARGET = 8.1;
				MTL_ENABLE_DEBUG_INFO = YES;
				ONLY_ACTIVE_ARCH = YES;
				SDKROOT = iphoneos;
			};
			name = Debug;
		};
		8567EB021B8C879800DA5934 /* Release */ = {
			isa = XCBuildConfiguration;
			buildSettings = {
				ALWAYS_SEARCH_USER_PATHS = NO;
				CLANG_CXX_LANGUAGE_STANDARD = "gnu++0x";
				CLANG_CXX_LIBRARY = "libc++";
				CLANG_ENABLE_MODULES = YES;
				CLANG_ENABLE_OBJC_ARC = YES;
				CLANG_WARN_BOOL_CONVERSION = YES;
				CLANG_WARN_CONSTANT_CONVERSION = YES;
				CLANG_WARN_DIRECT_OBJC_ISA_USAGE = YES_ERROR;
				CLANG_WARN_EMPTY_BODY = YES;
				CLANG_WARN_ENUM_CONVERSION = YES;
				CLANG_WARN_INT_CONVERSION = YES;
				CLANG_WARN_OBJC_ROOT_CLASS = YES_ERROR;
				CLANG_WARN_UNREACHABLE_CODE = YES;
				CLANG_WARN__DUPLICATE_METHOD_MATCH = YES;
				"CODE_SIGN_IDENTITY[sdk=iphoneos*]" = "iPhone Developer";
				COPY_PHASE_STRIP = YES;
				ENABLE_NS_ASSERTIONS = NO;
				ENABLE_STRICT_OBJC_MSGSEND = YES;
				GCC_C_LANGUAGE_STANDARD = gnu99;
				GCC_WARN_64_TO_32_BIT_CONVERSION = YES;
				GCC_WARN_ABOUT_RETURN_TYPE = YES_ERROR;
				GCC_WARN_UNDECLARED_SELECTOR = YES;
				GCC_WARN_UNINITIALIZED_AUTOS = YES_AGGRESSIVE;
				GCC_WARN_UNUSED_FUNCTION = YES;
				GCC_WARN_UNUSED_VARIABLE = YES;
				IPHONEOS_DEPLOYMENT_TARGET = 8.1;
				MTL_ENABLE_DEBUG_INFO = NO;
				SDKROOT = iphoneos;
				VALIDATE_PRODUCT = YES;
			};
			name = Release;
		};
		8567EB041B8C879800DA5934 /* Debug */ = {
			isa = XCBuildConfiguration;
			buildSettings = {
				ASSETCATALOG_COMPILER_APPICON_NAME = AppIcon;
				INFOPLIST_FILE = "的速度是多少/Info.plist";
				LD_RUNPATH_SEARCH_PATHS = "$(inherited) @executable_path/Frameworks";
				PRODUCT_NAME = "$(TARGET_NAME)";
			};
			name = Debug;
		};
		8567EB051B8C879800DA5934 /* Release */ = {
			isa = XCBuildConfiguration;
			buildSettings = {
				ASSETCATALOG_COMPILER_APPICON_NAME = AppIcon;
				INFOPLIST_FILE = "的速度是多少/Info.plist";
				LD_RUNPATH_SEARCH_PATHS = "$(inherited) @executable_path/Frameworks";
				PRODUCT_NAME = "$(TARGET_NAME)";
			};
			name = Release;
		};
		8567EB071B8C879800DA5934 /* Debug */ = {
			isa = XCBuildConfiguration;
			buildSettings = {
				BUNDLE_LOADER = "$(TEST_HOST)";
				FRAMEWORK_SEARCH_PATHS = (
					"$(SDKROOT)/Developer/Library/Frameworks",
					"$(inherited)",
				);
				GCC_PREPROCESSOR_DEFINITIONS = (
					"DEBUG=1",
					"$(inherited)",
				);
				INFOPLIST_FILE = "的速度是多少Tests/Info.plist";
				LD_RUNPATH_SEARCH_PATHS = "$(inherited) @executable_path/Frameworks @loader_path/Frameworks";
				PRODUCT_NAME = "$(TARGET_NAME)";
				TEST_HOST = "$(BUILT_PRODUCTS_DIR)/的速度是多少.app/的速度是多少";
			};
			name = Debug;
		};
		8567EB081B8C879800DA5934 /* Release */ = {
			isa = XCBuildConfiguration;
			buildSettings = {
				BUNDLE_LOADER = "$(TEST_HOST)";
				FRAMEWORK_SEARCH_PATHS = (
					"$(SDKROOT)/Developer/Library/Frameworks",
					"$(inherited)",
				);
				INFOPLIST_FILE = "的速度是多少Tests/Info.plist";
				LD_RUNPATH_SEARCH_PATHS = "$(inherited) @executable_path/Frameworks @loader_path/Frameworks";
				PRODUCT_NAME = "$(TARGET_NAME)";
				TEST_HOST = "$(BUILT_PRODUCTS_DIR)/的速度是多少.app/的速度是多少";
			};
			name = Release;
		};
/* End XCBuildConfiguration section */

/* Begin XCConfigurationList section */
		8567EAD81B8C879700DA5934 /* Build configuration list for PBXProject "的速度是多少" */ = {
			isa = XCConfigurationList;
			buildConfigurations = (
				8567EB011B8C879800DA5934 /* Debug */,
				8567EB021B8C879800DA5934 /* Release */,
			);
			defaultConfigurationIsVisible = 0;
			defaultConfigurationName = Release;
		};
		8567EB031B8C879800DA5934 /* Build configuration list for PBXNativeTarget "的速度是多少" */ = {
			isa = XCConfigurationList;
			buildConfigurations = (
				8567EB041B8C879800DA5934 /* Debug */,
				8567EB051B8C879800DA5934 /* Release */,
			);
			defaultConfigurationIsVisible = 0;
		};
		8567EB061B8C879800DA5934 /* Build configuration list for PBXNativeTarget "的速度是多少Tests" */ = {
			isa = XCConfigurationList;
			buildConfigurations = (
				8567EB071B8C879800DA5934 /* Debug */,
				8567EB081B8C879800DA5934 /* Release */,
			);
			defaultConfigurationIsVisible = 0;
		};
/* End XCConfigurationList section */

/* Begin XCVersionGroup section */
		8567EAE71B8C879700DA5934 /* ______.xcdatamodeld */ = {
			isa = XCVersionGroup;
			children = (
				8567EAE81B8C879700DA5934 /* ______.xcdatamodel */,
			);
			currentVersion = 8567EAE81B8C879700DA5934 /* ______.xcdatamodel */;
			path = "______.xcdatamodeld";
			sourceTree = "<group>";
			versionGroupType = wrapper.xcdatamodel;
		};
/* End XCVersionGroup section */
	};
	rootObject = 8567EAD51B8C879700DA5934 /* Project object */;
}
